dependencies:
- name: cw4_group
  chain_id: testnets/junotestnet
  registered_by: juno1n4p7umr45nfx06alkln3pv5vjc3kgzp6gxetvafrehxcplmeqdjq0vz3tf
  version: v0.11.0
  code_id: 78
  checksum: 87b3ad1dee979afc70e5c0f19e8510d9dcc8372c8ef49fc1da76725cad706975
- name: cw20_base
  chain_id: testnets/junotestnet
  registered_by: juno1n4p7umr45nfx06alkln3pv5vjc3kgzp6gxetvafrehxcplmeqdjq0vz3tf
  version: v0.11.0
  code_id: 77
  checksum: 6c1fa5872e1db821ee207b5043d679ad1f57c40032d2fd01834cd04d0f3dbafb
